
Microsoft Visual Studio Solution File, Format Version 12.00
# Visual Studio Version 17
VisualStudioVersion = 17.2.32616.157
MinimumVisualStudioVersion = 10.0.40219.1
Project("{FAE04EC0-301F-11D3-BF4B-00C04F79EFBC}") = "RealProductShop", "RealProductShop\RealProductShop.csproj", "{D4CED0A6-D719-4C08-A5B0-BC1AA5F5686B}"
EndProject
Global
	GlobalSection(SolutionConfigurationPlatforms) = preSolution
		Debug|Any CPU = Debug|Any CPU
		Release|Any CPU = Release|Any CPU
	EndGlobalSection
	GlobalSection(ProjectConfigurationPlatforms) = postSolution
		{D4CED0A6-D719-4C08-A5B0-BC1AA5F5686B}.Debug|Any CPU.ActiveCfg = Debug|Any CPU
		{D4CED0A6-D719-4C08-A5B0-BC1AA5F5686B}.Debug|Any CPU.Build.0 = Debug|Any CPU
		{D4CED0A6-D719-4C08-A5B0-BC1AA5F5686B}.Release|Any CPU.ActiveCfg = Release|Any CPU
		{D4CED0A6-D719-4C08-A5B0-BC1AA5F5686B}.Release|Any CPU.Build.0 = Release|Any CPU
	EndGlobalSection
	GlobalSection(SolutionProperties) = preSolution
		HideSolutionNode = FALSE
	EndGlobalSection
	GlobalSection(ExtensibilityGlobals) = postSolution
		SolutionGuid = {30BE769E-4FE5-40E6-A055-AF2D73609225}
	EndGlobalSection
EndGlobal
