
Microsoft Visual Studio Solution File, Format Version 12.00
# Visual Studio Version 17
VisualStudioVersion = 17.2.32616.157
MinimumVisualStudioVersion = 10.0.40219.1
Project("{FAE04EC0-301F-11D3-BF4B-00C04F79EFBC}") = "SUS.HTTP", "SUS.HTTP\SUS.HTTP.csproj", "{10ECEA30-4BAA-483D-B6B9-6CA2449ADF19}"
EndProject
Project("{FAE04EC0-301F-11D3-BF4B-00C04F79EFBC}") = "SUS.MvcFramework", "SUS.MvcFramework\SUS.MvcFramework.csproj", "{0DD98D7D-6D56-4183-AC14-CCDB68B87744}"
EndProject
Project("{2150E333-8FDC-42A3-9474-1A3956D46DE8}") = "Apps", "Apps", "{D2A3169C-8C12-40E2-A630-56882AD199FA}"
EndProject
Project("{9A19103F-16F7-4668-BE54-9A1E7A4F7556}") = "MyFirstMvcApps", "Apps\MyFirstMvcApps\MyFirstMvcApps.csproj", "{16C4C512-17FE-4F98-B319-30FFA1D554D9}"
EndProject
Global
	GlobalSection(SolutionConfigurationPlatforms) = preSolution
		Debug|Any CPU = Debug|Any CPU
		Release|Any CPU = Release|Any CPU
	EndGlobalSection
	GlobalSection(ProjectConfigurationPlatforms) = postSolution
		{10ECEA30-4BAA-483D-B6B9-6CA2449ADF19}.Debug|Any CPU.ActiveCfg = Debug|Any CPU
		{10ECEA30-4BAA-483D-B6B9-6CA2449ADF19}.Debug|Any CPU.Build.0 = Debug|Any CPU
		{10ECEA30-4BAA-483D-B6B9-6CA2449ADF19}.Release|Any CPU.ActiveCfg = Release|Any CPU
		{10ECEA30-4BAA-483D-B6B9-6CA2449ADF19}.Release|Any CPU.Build.0 = Release|Any CPU
		{0DD98D7D-6D56-4183-AC14-CCDB68B87744}.Debug|Any CPU.ActiveCfg = Debug|Any CPU
		{0DD98D7D-6D56-4183-AC14-CCDB68B87744}.Debug|Any CPU.Build.0 = Debug|Any CPU
		{0DD98D7D-6D56-4183-AC14-CCDB68B87744}.Release|Any CPU.ActiveCfg = Release|Any CPU
		{0DD98D7D-6D56-4183-AC14-CCDB68B87744}.Release|Any CPU.Build.0 = Release|Any CPU
		{16C4C512-17FE-4F98-B319-30FFA1D554D9}.Debug|Any CPU.ActiveCfg = Debug|Any CPU
		{16C4C512-17FE-4F98-B319-30FFA1D554D9}.Debug|Any CPU.Build.0 = Debug|Any CPU
		{16C4C512-17FE-4F98-B319-30FFA1D554D9}.Release|Any CPU.ActiveCfg = Release|Any CPU
		{16C4C512-17FE-4F98-B319-30FFA1D554D9}.Release|Any CPU.Build.0 = Release|Any CPU
	EndGlobalSection
	GlobalSection(SolutionProperties) = preSolution
		HideSolutionNode = FALSE
	EndGlobalSection
	GlobalSection(NestedProjects) = preSolution
		{16C4C512-17FE-4F98-B319-30FFA1D554D9} = {D2A3169C-8C12-40E2-A630-56882AD199FA}
	EndGlobalSection
	GlobalSection(ExtensibilityGlobals) = postSolution
		SolutionGuid = {E53F9BA1-DB41-4255-B5A0-57130291C02E}
	EndGlobalSection
EndGlobal
