
Microsoft Visual Studio Solution File, Format Version 12.00
# Visual Studio Version 16
VisualStudioVersion = 16.0.30413.136
MinimumVisualStudioVersion = 10.0.40219.1
Project("{FAE04EC0-301F-11D3-BF4B-00C04F79EFBC}") = "SpeedRacing", "6. Speed Racing\SpeedRacing.csproj", "{FBC5C213-09D3-48CE-A3FA-68659352BFAB}"
EndProject
Global
	GlobalSection(SolutionConfigurationPlatforms) = preSolution
		Debug|Any CPU = Debug|Any CPU
		Release|Any CPU = Release|Any CPU
	EndGlobalSection
	GlobalSection(ProjectConfigurationPlatforms) = postSolution
		{FBC5C213-09D3-48CE-A3FA-68659352BFAB}.Debug|Any CPU.ActiveCfg = Debug|Any CPU
		{FBC5C213-09D3-48CE-A3FA-68659352BFAB}.Debug|Any CPU.Build.0 = Debug|Any CPU
		{FBC5C213-09D3-48CE-A3FA-68659352BFAB}.Release|Any CPU.ActiveCfg = Release|Any CPU
		{FBC5C213-09D3-48CE-A3FA-68659352BFAB}.Release|Any CPU.Build.0 = Release|Any CPU
	EndGlobalSection
	GlobalSection(SolutionProperties) = preSolution
		HideSolutionNode = FALSE
	EndGlobalSection
	GlobalSection(ExtensibilityGlobals) = postSolution
		SolutionGuid = {59ACBF21-E74C-4026-9CEF-B1375DE1BD31}
	EndGlobalSection
EndGlobal
