
Microsoft Visual Studio Solution File, Format Version 12.00
# Visual Studio 15
VisualStudioVersion = 15.0.28307.271
MinimumVisualStudioVersion = 10.0.40219.1
Project("{FAE04EC0-301F-11D3-BF4B-00C04F79EFBC}") = "3. Merging Lists", "3. Merging Lists\3. Merging Lists.csproj", "{CEDEA49B-F992-4BB6-9058-E0224625A59A}"
EndProject
Global
	GlobalSection(SolutionConfigurationPlatforms) = preSolution
		Debug|Any CPU = Debug|Any CPU
		Release|Any CPU = Release|Any CPU
	EndGlobalSection
	GlobalSection(ProjectConfigurationPlatforms) = postSolution
		{CEDEA49B-F992-4BB6-9058-E0224625A59A}.Debug|Any CPU.ActiveCfg = Debug|Any CPU
		{CEDEA49B-F992-4BB6-9058-E0224625A59A}.Debug|Any CPU.Build.0 = Debug|Any CPU
		{CEDEA49B-F992-4BB6-9058-E0224625A59A}.Release|Any CPU.ActiveCfg = Release|Any CPU
		{CEDEA49B-F992-4BB6-9058-E0224625A59A}.Release|Any CPU.Build.0 = Release|Any CPU
	EndGlobalSection
	GlobalSection(SolutionProperties) = preSolution
		HideSolutionNode = FALSE
	EndGlobalSection
	GlobalSection(ExtensibilityGlobals) = postSolution
		SolutionGuid = {E0FEE1BF-1AA0-462F-BF9A-3490EC055CDE}
	EndGlobalSection
EndGlobal
