
Microsoft Visual Studio Solution File, Format Version 12.00
# Visual Studio Version 16
VisualStudioVersion = 16.0.30413.136
MinimumVisualStudioVersion = 10.0.40219.1
Project("{FAE04EC0-301F-11D3-BF4B-00C04F79EFBC}") = "3. Product Shop", "3. Product Shop\3. Product Shop.csproj", "{C96964A7-D6DB-4C81-8D57-518392A544FB}"
EndProject
Global
	GlobalSection(SolutionConfigurationPlatforms) = preSolution
		Debug|Any CPU = Debug|Any CPU
		Release|Any CPU = Release|Any CPU
	EndGlobalSection
	GlobalSection(ProjectConfigurationPlatforms) = postSolution
		{C96964A7-D6DB-4C81-8D57-518392A544FB}.Debug|Any CPU.ActiveCfg = Debug|Any CPU
		{C96964A7-D6DB-4C81-8D57-518392A544FB}.Debug|Any CPU.Build.0 = Debug|Any CPU
		{C96964A7-D6DB-4C81-8D57-518392A544FB}.Release|Any CPU.ActiveCfg = Release|Any CPU
		{C96964A7-D6DB-4C81-8D57-518392A544FB}.Release|Any CPU.Build.0 = Release|Any CPU
	EndGlobalSection
	GlobalSection(SolutionProperties) = preSolution
		HideSolutionNode = FALSE
	EndGlobalSection
	GlobalSection(ExtensibilityGlobals) = postSolution
		SolutionGuid = {D106BF69-5167-4694-A43E-1B750E3F1CB3}
	EndGlobalSection
EndGlobal
