
Microsoft Visual Studio Solution File, Format Version 12.00
# Visual Studio Version 16
VisualStudioVersion = 16.0.30413.136
MinimumVisualStudioVersion = 10.0.40219.1
Project("{FAE04EC0-301F-11D3-BF4B-00C04F79EFBC}") = "Define a Class Person real", "Define a Class Person real\Define a Class Person real.csproj", "{2D6DCD85-C674-4F0A-BC52-0BC52820C3CD}"
EndProject
Global
	GlobalSection(SolutionConfigurationPlatforms) = preSolution
		Debug|Any CPU = Debug|Any CPU
		Release|Any CPU = Release|Any CPU
	EndGlobalSection
	GlobalSection(ProjectConfigurationPlatforms) = postSolution
		{2D6DCD85-C674-4F0A-BC52-0BC52820C3CD}.Debug|Any CPU.ActiveCfg = Debug|Any CPU
		{2D6DCD85-C674-4F0A-BC52-0BC52820C3CD}.Debug|Any CPU.Build.0 = Debug|Any CPU
		{2D6DCD85-C674-4F0A-BC52-0BC52820C3CD}.Release|Any CPU.ActiveCfg = Release|Any CPU
		{2D6DCD85-C674-4F0A-BC52-0BC52820C3CD}.Release|Any CPU.Build.0 = Release|Any CPU
	EndGlobalSection
	GlobalSection(SolutionProperties) = preSolution
		HideSolutionNode = FALSE
	EndGlobalSection
	GlobalSection(ExtensibilityGlobals) = postSolution
		SolutionGuid = {48D712FB-B543-4011-83F3-8733E89D4BB2}
	EndGlobalSection
EndGlobal
