
Microsoft Visual Studio Solution File, Format Version 12.00
# Visual Studio Version 16
VisualStudioVersion = 16.0.30413.136
MinimumVisualStudioVersion = 10.0.40219.1
Project("{FAE04EC0-301F-11D3-BF4B-00C04F79EFBC}") = "01. Car", "01. Car\01. Car.csproj", "{A209B7B0-AAA6-45F4-BF77-0215FC5142F1}"
EndProject
Global
	GlobalSection(SolutionConfigurationPlatforms) = preSolution
		Debug|Any CPU = Debug|Any CPU
		Release|Any CPU = Release|Any CPU
	EndGlobalSection
	GlobalSection(ProjectConfigurationPlatforms) = postSolution
		{A209B7B0-AAA6-45F4-BF77-0215FC5142F1}.Debug|Any CPU.ActiveCfg = Debug|Any CPU
		{A209B7B0-AAA6-45F4-BF77-0215FC5142F1}.Debug|Any CPU.Build.0 = Debug|Any CPU
		{A209B7B0-AAA6-45F4-BF77-0215FC5142F1}.Release|Any CPU.ActiveCfg = Release|Any CPU
		{A209B7B0-AAA6-45F4-BF77-0215FC5142F1}.Release|Any CPU.Build.0 = Release|Any CPU
	EndGlobalSection
	GlobalSection(SolutionProperties) = preSolution
		HideSolutionNode = FALSE
	EndGlobalSection
	GlobalSection(ExtensibilityGlobals) = postSolution
		SolutionGuid = {6DDC77D6-A936-47AC-BCC9-E2BEEC1D9356}
	EndGlobalSection
EndGlobal
