
Microsoft Visual Studio Solution File, Format Version 12.00
# Visual Studio Version 16
VisualStudioVersion = 16.0.32106.194
MinimumVisualStudioVersion = 10.0.40219.1
Project("{FAE04EC0-301F-11D3-BF4B-00C04F79EFBC}") = "Excercises", "Excercises.csproj", "{15E0984F-8C25-4600-927B-C8AF66FFE306}"
EndProject
Global
	GlobalSection(SolutionConfigurationPlatforms) = preSolution
		Debug|Any CPU = Debug|Any CPU
		Release|Any CPU = Release|Any CPU
	EndGlobalSection
	GlobalSection(ProjectConfigurationPlatforms) = postSolution
		{15E0984F-8C25-4600-927B-C8AF66FFE306}.Debug|Any CPU.ActiveCfg = Debug|Any CPU
		{15E0984F-8C25-4600-927B-C8AF66FFE306}.Debug|Any CPU.Build.0 = Debug|Any CPU
		{15E0984F-8C25-4600-927B-C8AF66FFE306}.Release|Any CPU.ActiveCfg = Release|Any CPU
		{15E0984F-8C25-4600-927B-C8AF66FFE306}.Release|Any CPU.Build.0 = Release|Any CPU
	EndGlobalSection
	GlobalSection(SolutionProperties) = preSolution
		HideSolutionNode = FALSE
	EndGlobalSection
	GlobalSection(ExtensibilityGlobals) = postSolution
		SolutionGuid = {DA907A51-948B-4A7A-94BA-1BF7A5DA8BF8}
	EndGlobalSection
EndGlobal
