
Microsoft Visual Studio Solution File, Format Version 12.00
# Visual Studio Version 16
VisualStudioVersion = 16.0.30413.136
MinimumVisualStudioVersion = 10.0.40219.1
Project("{FAE04EC0-301F-11D3-BF4B-00C04F79EFBC}") = "5. SnakeMoves", "5. SnakeMoves\5. SnakeMoves.csproj", "{DE2D3A45-42C0-475F-8D27-DE3765DC0A04}"
EndProject
Global
	GlobalSection(SolutionConfigurationPlatforms) = preSolution
		Debug|Any CPU = Debug|Any CPU
		Release|Any CPU = Release|Any CPU
	EndGlobalSection
	GlobalSection(ProjectConfigurationPlatforms) = postSolution
		{DE2D3A45-42C0-475F-8D27-DE3765DC0A04}.Debug|Any CPU.ActiveCfg = Debug|Any CPU
		{DE2D3A45-42C0-475F-8D27-DE3765DC0A04}.Debug|Any CPU.Build.0 = Debug|Any CPU
		{DE2D3A45-42C0-475F-8D27-DE3765DC0A04}.Release|Any CPU.ActiveCfg = Release|Any CPU
		{DE2D3A45-42C0-475F-8D27-DE3765DC0A04}.Release|Any CPU.Build.0 = Release|Any CPU
	EndGlobalSection
	GlobalSection(SolutionProperties) = preSolution
		HideSolutionNode = FALSE
	EndGlobalSection
	GlobalSection(ExtensibilityGlobals) = postSolution
		SolutionGuid = {09C34358-3908-4B27-8826-1E16B9D5B1A1}
	EndGlobalSection
EndGlobal
