
Microsoft Visual Studio Solution File, Format Version 12.00
# Visual Studio 15
VisualStudioVersion = 15.0.28307.271
MinimumVisualStudioVersion = 10.0.40219.1
Project("{FAE04EC0-301F-11D3-BF4B-00C04F79EFBC}") = "3.Man O War", "3.Man O War\3.Man O War.csproj", "{5894B6E9-1F71-4616-89F0-3478298E8B50}"
EndProject
Global
	GlobalSection(SolutionConfigurationPlatforms) = preSolution
		Debug|Any CPU = Debug|Any CPU
		Release|Any CPU = Release|Any CPU
	EndGlobalSection
	GlobalSection(ProjectConfigurationPlatforms) = postSolution
		{5894B6E9-1F71-4616-89F0-3478298E8B50}.Debug|Any CPU.ActiveCfg = Debug|Any CPU
		{5894B6E9-1F71-4616-89F0-3478298E8B50}.Debug|Any CPU.Build.0 = Debug|Any CPU
		{5894B6E9-1F71-4616-89F0-3478298E8B50}.Release|Any CPU.ActiveCfg = Release|Any CPU
		{5894B6E9-1F71-4616-89F0-3478298E8B50}.Release|Any CPU.Build.0 = Release|Any CPU
	EndGlobalSection
	GlobalSection(SolutionProperties) = preSolution
		HideSolutionNode = FALSE
	EndGlobalSection
	GlobalSection(ExtensibilityGlobals) = postSolution
		SolutionGuid = {A0B0DB6C-7775-457F-8025-A54D9D925810}
	EndGlobalSection
EndGlobal
