
Microsoft Visual Studio Solution File, Format Version 12.00
# Visual Studio Version 16
VisualStudioVersion = 16.0.30413.136
MinimumVisualStudioVersion = 10.0.40219.1
Project("{FAE04EC0-301F-11D3-BF4B-00C04F79EFBC}") = "7. Knight Game", "7. Knight Game\7. Knight Game.csproj", "{085AD7AA-2C02-4CF1-B37F-3C39B08EFDC8}"
EndProject
Global
	GlobalSection(SolutionConfigurationPlatforms) = preSolution
		Debug|Any CPU = Debug|Any CPU
		Release|Any CPU = Release|Any CPU
	EndGlobalSection
	GlobalSection(ProjectConfigurationPlatforms) = postSolution
		{085AD7AA-2C02-4CF1-B37F-3C39B08EFDC8}.Debug|Any CPU.ActiveCfg = Debug|Any CPU
		{085AD7AA-2C02-4CF1-B37F-3C39B08EFDC8}.Debug|Any CPU.Build.0 = Debug|Any CPU
		{085AD7AA-2C02-4CF1-B37F-3C39B08EFDC8}.Release|Any CPU.ActiveCfg = Release|Any CPU
		{085AD7AA-2C02-4CF1-B37F-3C39B08EFDC8}.Release|Any CPU.Build.0 = Release|Any CPU
	EndGlobalSection
	GlobalSection(SolutionProperties) = preSolution
		HideSolutionNode = FALSE
	EndGlobalSection
	GlobalSection(ExtensibilityGlobals) = postSolution
		SolutionGuid = {1DE3948D-2524-4EB4-B33E-FFFA0B28841B}
	EndGlobalSection
EndGlobal
