
Microsoft Visual Studio Solution File, Format Version 12.00
# Visual Studio 15
VisualStudioVersion = 15.0.28307.271
MinimumVisualStudioVersion = 10.0.40219.1
Project("{FAE04EC0-301F-11D3-BF4B-00C04F79EFBC}") = "2. Common Elements", "2. Common Elements\2. Common Elements.csproj", "{052FC116-F90D-4CCB-8A09-42FC9A882CD7}"
EndProject
Global
	GlobalSection(SolutionConfigurationPlatforms) = preSolution
		Debug|Any CPU = Debug|Any CPU
		Release|Any CPU = Release|Any CPU
	EndGlobalSection
	GlobalSection(ProjectConfigurationPlatforms) = postSolution
		{052FC116-F90D-4CCB-8A09-42FC9A882CD7}.Debug|Any CPU.ActiveCfg = Debug|Any CPU
		{052FC116-F90D-4CCB-8A09-42FC9A882CD7}.Debug|Any CPU.Build.0 = Debug|Any CPU
		{052FC116-F90D-4CCB-8A09-42FC9A882CD7}.Release|Any CPU.ActiveCfg = Release|Any CPU
		{052FC116-F90D-4CCB-8A09-42FC9A882CD7}.Release|Any CPU.Build.0 = Release|Any CPU
	EndGlobalSection
	GlobalSection(SolutionProperties) = preSolution
		HideSolutionNode = FALSE
	EndGlobalSection
	GlobalSection(ExtensibilityGlobals) = postSolution
		SolutionGuid = {EEBC3967-DBFF-467C-A65C-152ED5EDA5CC}
	EndGlobalSection
EndGlobal
