
Microsoft Visual Studio Solution File, Format Version 12.00
# Visual Studio 15
VisualStudioVersion = 15.0.28307.271
MinimumVisualStudioVersion = 10.0.40219.1
Project("{FAE04EC0-301F-11D3-BF4B-00C04F79EFBC}") = "SpiceMustFlow", "SpiceMustFlow\SpiceMustFlow.csproj", "{23015707-D2B9-4C38-8FF4-DD6E6BE50259}"
EndProject
Global
	GlobalSection(SolutionConfigurationPlatforms) = preSolution
		Debug|Any CPU = Debug|Any CPU
		Release|Any CPU = Release|Any CPU
	EndGlobalSection
	GlobalSection(ProjectConfigurationPlatforms) = postSolution
		{23015707-D2B9-4C38-8FF4-DD6E6BE50259}.Debug|Any CPU.ActiveCfg = Debug|Any CPU
		{23015707-D2B9-4C38-8FF4-DD6E6BE50259}.Debug|Any CPU.Build.0 = Debug|Any CPU
		{23015707-D2B9-4C38-8FF4-DD6E6BE50259}.Release|Any CPU.ActiveCfg = Release|Any CPU
		{23015707-D2B9-4C38-8FF4-DD6E6BE50259}.Release|Any CPU.Build.0 = Release|Any CPU
	EndGlobalSection
	GlobalSection(SolutionProperties) = preSolution
		HideSolutionNode = FALSE
	EndGlobalSection
	GlobalSection(ExtensibilityGlobals) = postSolution
		SolutionGuid = {CEF344F4-90BD-45A5-A677-2EE234888B49}
	EndGlobalSection
EndGlobal
