
Microsoft Visual Studio Solution File, Format Version 12.00
# Visual Studio 15
VisualStudioVersion = 15.0.28307.271
MinimumVisualStudioVersion = 10.0.40219.1
Project("{FAE04EC0-301F-11D3-BF4B-00C04F79EFBC}") = "StudentInformation", "StudentInformation\StudentInformation.csproj", "{70244877-ADAF-4C30-89B0-30B21CBBCCD5}"
EndProject
Global
	GlobalSection(SolutionConfigurationPlatforms) = preSolution
		Debug|Any CPU = Debug|Any CPU
		Release|Any CPU = Release|Any CPU
	EndGlobalSection
	GlobalSection(ProjectConfigurationPlatforms) = postSolution
		{70244877-ADAF-4C30-89B0-30B21CBBCCD5}.Debug|Any CPU.ActiveCfg = Debug|Any CPU
		{70244877-ADAF-4C30-89B0-30B21CBBCCD5}.Debug|Any CPU.Build.0 = Debug|Any CPU
		{70244877-ADAF-4C30-89B0-30B21CBBCCD5}.Release|Any CPU.ActiveCfg = Release|Any CPU
		{70244877-ADAF-4C30-89B0-30B21CBBCCD5}.Release|Any CPU.Build.0 = Release|Any CPU
	EndGlobalSection
	GlobalSection(SolutionProperties) = preSolution
		HideSolutionNode = FALSE
	EndGlobalSection
	GlobalSection(ExtensibilityGlobals) = postSolution
		SolutionGuid = {E6C13780-BE8E-4D4C-8004-48FCD101C844}
	EndGlobalSection
EndGlobal
