
Microsoft Visual Studio Solution File, Format Version 12.00
# Visual Studio 15
VisualStudioVersion = 15.0.28307.271
MinimumVisualStudioVersion = 10.0.40219.1
Project("{FAE04EC0-301F-11D3-BF4B-00C04F79EFBC}") = "1. Smallest of Three Numbers", "1. Smallest of Three Numbers\1. Smallest of Three Numbers.csproj", "{FAF9F8BF-02CF-46AE-9A09-8A593338E2EB}"
EndProject
Global
	GlobalSection(SolutionConfigurationPlatforms) = preSolution
		Debug|Any CPU = Debug|Any CPU
		Release|Any CPU = Release|Any CPU
	EndGlobalSection
	GlobalSection(ProjectConfigurationPlatforms) = postSolution
		{FAF9F8BF-02CF-46AE-9A09-8A593338E2EB}.Debug|Any CPU.ActiveCfg = Debug|Any CPU
		{FAF9F8BF-02CF-46AE-9A09-8A593338E2EB}.Debug|Any CPU.Build.0 = Debug|Any CPU
		{FAF9F8BF-02CF-46AE-9A09-8A593338E2EB}.Release|Any CPU.ActiveCfg = Release|Any CPU
		{FAF9F8BF-02CF-46AE-9A09-8A593338E2EB}.Release|Any CPU.Build.0 = Release|Any CPU
	EndGlobalSection
	GlobalSection(SolutionProperties) = preSolution
		HideSolutionNode = FALSE
	EndGlobalSection
	GlobalSection(ExtensibilityGlobals) = postSolution
		SolutionGuid = {16612750-4E17-41B6-AFE7-FB4EA0D7250E}
	EndGlobalSection
EndGlobal
