
Microsoft Visual Studio Solution File, Format Version 12.00
# Visual Studio 15
VisualStudioVersion = 15.0.28307.271
MinimumVisualStudioVersion = 10.0.40219.1
Project("{FAE04EC0-301F-11D3-BF4B-00C04F79EFBC}") = "3. Zig-Zag Arrays", "3. Zig-Zag Arrays\3. Zig-Zag Arrays.csproj", "{A6E731FE-ED32-4C60-9770-A47E5AC31E6D}"
EndProject
Global
	GlobalSection(SolutionConfigurationPlatforms) = preSolution
		Debug|Any CPU = Debug|Any CPU
		Release|Any CPU = Release|Any CPU
	EndGlobalSection
	GlobalSection(ProjectConfigurationPlatforms) = postSolution
		{A6E731FE-ED32-4C60-9770-A47E5AC31E6D}.Debug|Any CPU.ActiveCfg = Debug|Any CPU
		{A6E731FE-ED32-4C60-9770-A47E5AC31E6D}.Debug|Any CPU.Build.0 = Debug|Any CPU
		{A6E731FE-ED32-4C60-9770-A47E5AC31E6D}.Release|Any CPU.ActiveCfg = Release|Any CPU
		{A6E731FE-ED32-4C60-9770-A47E5AC31E6D}.Release|Any CPU.Build.0 = Release|Any CPU
	EndGlobalSection
	GlobalSection(SolutionProperties) = preSolution
		HideSolutionNode = FALSE
	EndGlobalSection
	GlobalSection(ExtensibilityGlobals) = postSolution
		SolutionGuid = {EDE6E18E-E19B-44FD-9EF1-4E8DD7EFD04A}
	EndGlobalSection
EndGlobal
