
Microsoft Visual Studio Solution File, Format Version 12.00
# Visual Studio 15
VisualStudioVersion = 15.0.28307.271
MinimumVisualStudioVersion = 10.0.40219.1
Project("{FAE04EC0-301F-11D3-BF4B-00C04F79EFBC}") = "Elevator", "Elevator\Elevator.csproj", "{507E32CD-6395-43A3-BE74-1EC5D44E620D}"
EndProject
Global
	GlobalSection(SolutionConfigurationPlatforms) = preSolution
		Debug|Any CPU = Debug|Any CPU
		Release|Any CPU = Release|Any CPU
	EndGlobalSection
	GlobalSection(ProjectConfigurationPlatforms) = postSolution
		{507E32CD-6395-43A3-BE74-1EC5D44E620D}.Debug|Any CPU.ActiveCfg = Debug|Any CPU
		{507E32CD-6395-43A3-BE74-1EC5D44E620D}.Debug|Any CPU.Build.0 = Debug|Any CPU
		{507E32CD-6395-43A3-BE74-1EC5D44E620D}.Release|Any CPU.ActiveCfg = Release|Any CPU
		{507E32CD-6395-43A3-BE74-1EC5D44E620D}.Release|Any CPU.Build.0 = Release|Any CPU
	EndGlobalSection
	GlobalSection(SolutionProperties) = preSolution
		HideSolutionNode = FALSE
	EndGlobalSection
	GlobalSection(ExtensibilityGlobals) = postSolution
		SolutionGuid = {8B5AD794-7335-4B85-895A-0469AAE6118E}
	EndGlobalSection
EndGlobal
